{
    "_meta": {
        "hash": {
            "sha256": "e4b19a6a27c28a022ebcd637c3d696b079071ade0dddc815f7591d0076a1b1e2"
        },
        "pipfile-spec": 6,
        "requires": {
            "python_version": "3"
        },
        "sources": [
            {
                "name": "arti-pip-mirror",
                "url": "https://arti.dev.cray.com:443/artifactory/api/pypi/pypi-remote/simple/",
                "verify_ssl": false
            }
        ]
    },
    "default": {},
    "develop": {}
}
